
Microsoft Visual Studio Solution File, Format Version 11.00
# Visual Studio 2010
Project("{8BC9CEB8-8B4A-11D0-8D11-00A0C91BC942}") = "8888", "8888\8888.vcxproj", "{3864DE57-032A-46A4-9D24-6B00B15D5A5F}"
EndProject
Global
	GlobalSection(SolutionConfigurationPlatforms) = preSolution
		Debug|Win32 = Debug|Win32
		Release|Win32 = Release|Win32
	EndGlobalSection
	GlobalSection(ProjectConfigurationPlatforms) = postSolution
		{3864DE57-032A-46A4-9D24-6B00B15D5A5F}.Debug|Win32.ActiveCfg = Debug|Win32
		{3864DE57-032A-46A4-9D24-6B00B15D5A5F}.Debug|Win32.Build.0 = Debug|Win32
		{3864DE57-032A-46A4-9D24-6B00B15D5A5F}.Release|Win32.ActiveCfg = Release|Win32
		{3864DE57-032A-46A4-9D24-6B00B15D5A5F}.Release|Win32.Build.0 = Release|Win32
	EndGlobalSection
	GlobalSection(SolutionProperties) = preSolution
		HideSolutionNode = FALSE
	EndGlobalSection
EndGlobal
